
Microsoft Visual Studio Solution File, Format Version 12.00
# Visual Studio Version 16
VisualStudioVersion = 16.0.33130.400
MinimumVisualStudioVersion = 10.0.40219.1
Project("{FAE04EC0-301F-11D3-BF4B-00C04F79EFBC}") = "PileObjet", "PileObjet\PileObjet.csproj", "{966E878D-F5B7-4C88-B1CB-2A6BC7D08BF9}"
EndProject
Global
	GlobalSection(SolutionConfigurationPlatforms) = preSolution
		Debug|Any CPU = Debug|Any CPU
		Release|Any CPU = Release|Any CPU
	EndGlobalSection
	GlobalSection(ProjectConfigurationPlatforms) = postSolution
		{966E878D-F5B7-4C88-B1CB-2A6BC7D08BF9}.Debug|Any CPU.ActiveCfg = Debug|Any CPU
		{966E878D-F5B7-4C88-B1CB-2A6BC7D08BF9}.Debug|Any CPU.Build.0 = Debug|Any CPU
		{966E878D-F5B7-4C88-B1CB-2A6BC7D08BF9}.Release|Any CPU.ActiveCfg = Release|Any CPU
		{966E878D-F5B7-4C88-B1CB-2A6BC7D08BF9}.Release|Any CPU.Build.0 = Release|Any CPU
	EndGlobalSection
	GlobalSection(SolutionProperties) = preSolution
		HideSolutionNode = FALSE
	EndGlobalSection
	GlobalSection(ExtensibilityGlobals) = postSolution
		SolutionGuid = {7F053BF7-7A0B-4181-B5DB-06318EA9DF5C}
	EndGlobalSection
EndGlobal
